// !$*UTF8*$!
{
	archiveVersion = 1;
	classes = {
	};
	objectVersion = 46;
	objects = {

/* Begin PBXBuildFile section */
		6A2D7D309B7E712C2ECB19D9 /* Pods_PokeFinder.framework in Frameworks */ = {isa = PBXBuildFile; fileRef = BD8D143E699E278C4AC78FB8 /* Pods_PokeFinder.framework */; };
		90DA81D51DBC55D1006C931E /* AppDelegate.swift in Sources */ = {isa = PBXBuildFile; fileRef = 90DA81D41DBC55D1006C931E /* AppDelegate.swift */; };
		90DA81D71DBC55D1006C931E /* ViewController.swift in Sources */ = {isa = PBXBuildFile; fileRef = 90DA81D61DBC55D1006C931E /* ViewController.swift */; };
		90DA81DA1DBC55D1006C931E /* Main.storyboard in Resources */ = {isa = PBXBuildFile; fileRef = 90DA81D81DBC55D1006C931E /* Main.storyboard */; };
		90DA81DC1DBC55D1006C931E /* Assets.xcassets in Resources */ = {isa = PBXBuildFile; fileRef = 90DA81DB1DBC55D1006C931E /* Assets.xcassets */; };
		90DA81DF1DBC55D1006C931E /* LaunchScreen.storyboard in Resources */ = {isa = PBXBuildFile; fileRef = 90DA81DD1DBC55D1006C931E /* LaunchScreen.storyboard */; };
		90DA81E71DBC561B006C931E /* GoogleService-Info.plist in Resources */ = {isa = PBXBuildFile; fileRef = 90DA81E61DBC561B006C931E /* GoogleService-Info.plist */; };
		90DA81FA1DBC58BB006C931E /* GeoFire.m in Sources */ = {isa = PBXBuildFile; fileRef = 90DA81F11DBC58BB006C931E /* GeoFire.m */; };
		90DA81FB1DBC58BB006C931E /* GFBase32Utils.m in Sources */ = {isa = PBXBuildFile; fileRef = 90DA81F31DBC58BB006C931E /* GFBase32Utils.m */; };
		90DA81FC1DBC58BB006C931E /* GFGeoHash.m in Sources */ = {isa = PBXBuildFile; fileRef = 90DA81F51DBC58BB006C931E /* GFGeoHash.m */; };
		90DA81FD1DBC58BB006C931E /* GFGeoHashQuery.m in Sources */ = {isa = PBXBuildFile; fileRef = 90DA81F71DBC58BB006C931E /* GFGeoHashQuery.m */; };
		90DA81FE1DBC58BB006C931E /* GFQuery.m in Sources */ = {isa = PBXBuildFile; fileRef = 90DA81F91DBC58BB006C931E /* GFQuery.m */; };
		90DA82061DBC98DA006C931E /* PokeAnnotation.swift in Sources */ = {isa = PBXBuildFile; fileRef = 90DA82051DBC98DA006C931E /* PokeAnnotation.swift */; };
/* End PBXBuildFile section */

/* Begin PBXFileReference section */
		90DA81D11DBC55D1006C931E /* PokeFinder.app */ = {isa = PBXFileReference; explicitFileType = wrapper.application; includeInIndex = 0; path = PokeFinder.app; sourceTree = BUILT_PRODUCTS_DIR; };
		90DA81D41DBC55D1006C931E /* AppDelegate.swift */ = {isa = PBXFileReference; lastKnownFileType = sourcecode.swift; path = AppDelegate.swift; sourceTree = "<group>"; };
		90DA81D61DBC55D1006C931E /* ViewController.swift */ = {isa = PBXFileReference; lastKnownFileType = sourcecode.swift; path = ViewController.swift; sourceTree = "<group>"; };
		90DA81D91DBC55D1006C931E /* Base */ = {isa = PBXFileReference; lastKnownFileType = file.storyboard; name = Base; path = Base.lproj/Main.storyboard; sourceTree = "<group>"; };
		90DA81DB1DBC55D1006C931E /* Assets.xcassets */ = {isa = PBXFileReference; lastKnownFileType = folder.assetcatalog; path = Assets.xcassets; sourceTree = "<group>"; };
		90DA81DE1DBC55D1006C931E /* Base */ = {isa = PBXFileReference; lastKnownFileType = file.storyboard; name = Base; path = Base.lproj/LaunchScreen.storyboard; sourceTree = "<group>"; };
		90DA81E01DBC55D1006C931E /* Info.plist */ = {isa = PBXFileReference; lastKnownFileType = text.plist.xml; path = Info.plist; sourceTree = "<group>"; };
		90DA81E61DBC561B006C931E /* GoogleService-Info.plist */ = {isa = PBXFileReference; fileEncoding = 4; lastKnownFileType = text.plist.xml; path = "GoogleService-Info.plist"; sourceTree = "<group>"; };
		90DA81EA1DBC58BB006C931E /* GeoFire.h */ = {isa = PBXFileReference; fileEncoding = 4; lastKnownFileType = sourcecode.c.h; path = GeoFire.h; sourceTree = "<group>"; };
		90DA81EB1DBC58BB006C931E /* GFCircleQuery.h */ = {isa = PBXFileReference; fileEncoding = 4; lastKnownFileType = sourcecode.c.h; path = GFCircleQuery.h; sourceTree = "<group>"; };
		90DA81EC1DBC58BB006C931E /* GFQuery.h */ = {isa = PBXFileReference; fileEncoding = 4; lastKnownFileType = sourcecode.c.h; path = GFQuery.h; sourceTree = "<group>"; };
		90DA81ED1DBC58BB006C931E /* GFRegionQuery.h */ = {isa = PBXFileReference; fileEncoding = 4; lastKnownFileType = sourcecode.c.h; path = GFRegionQuery.h; sourceTree = "<group>"; };
		90DA81EE1DBC58BB006C931E /* GeoFire-Prefix.pch */ = {isa = PBXFileReference; fileEncoding = 4; lastKnownFileType = sourcecode.c.h; path = "GeoFire-Prefix.pch"; sourceTree = "<group>"; };
		90DA81F01DBC58BB006C931E /* GeoFire+Private.h */ = {isa = PBXFileReference; fileEncoding = 4; lastKnownFileType = sourcecode.c.h; path = "GeoFire+Private.h"; sourceTree = "<group>"; };
		90DA81F11DBC58BB006C931E /* GeoFire.m */ = {isa = PBXFileReference; fileEncoding = 4; lastKnownFileType = sourcecode.c.objc; path = GeoFire.m; sourceTree = "<group>"; };
		90DA81F21DBC58BB006C931E /* GFBase32Utils.h */ = {isa = PBXFileReference; fileEncoding = 4; lastKnownFileType = sourcecode.c.h; path = GFBase32Utils.h; sourceTree = "<group>"; };
		90DA81F31DBC58BB006C931E /* GFBase32Utils.m */ = {isa = PBXFileReference; fileEncoding = 4; lastKnownFileType = sourcecode.c.objc; path = GFBase32Utils.m; sourceTree = "<group>"; };
		90DA81F41DBC58BB006C931E /* GFGeoHash.h */ = {isa = PBXFileReference; fileEncoding = 4; lastKnownFileType = sourcecode.c.h; path = GFGeoHash.h; sourceTree = "<group>"; };
		90DA81F51DBC58BB006C931E /* GFGeoHash.m */ = {isa = PBXFileReference; fileEncoding = 4; lastKnownFileType = sourcecode.c.objc; path = GFGeoHash.m; sourceTree = "<group>"; };
		90DA81F61DBC58BB006C931E /* GFGeoHashQuery.h */ = {isa = PBXFileReference; fileEncoding = 4; lastKnownFileType = sourcecode.c.h; path = GFGeoHashQuery.h; sourceTree = "<group>"; };
		90DA81F71DBC58BB006C931E /* GFGeoHashQuery.m */ = {isa = PBXFileReference; fileEncoding = 4; lastKnownFileType = sourcecode.c.objc; path = GFGeoHashQuery.m; sourceTree = "<group>"; };
		90DA81F81DBC58BB006C931E /* GFQuery+Private.h */ = {isa = PBXFileReference; fileEncoding = 4; lastKnownFileType = sourcecode.c.h; path = "GFQuery+Private.h"; sourceTree = "<group>"; };
		90DA81F91DBC58BB006C931E /* GFQuery.m */ = {isa = PBXFileReference; fileEncoding = 4; lastKnownFileType = sourcecode.c.objc; path = GFQuery.m; sourceTree = "<group>"; };
		90DA82021DBC59D2006C931E /* PokeFinder-Bridging-header.h */ = {isa = PBXFileReference; fileEncoding = 4; lastKnownFileType = sourcecode.c.h; path = "PokeFinder-Bridging-header.h"; sourceTree = "<group>"; };
		90DA82051DBC98DA006C931E /* PokeAnnotation.swift */ = {isa = PBXFileReference; fileEncoding = 4; lastKnownFileType = sourcecode.swift; path = PokeAnnotation.swift; sourceTree = "<group>"; };
		B1190E19BBD1DE3FC7DE6DDD /* Pods-PokeFinder.release.xcconfig */ = {isa = PBXFileReference; includeInIndex = 1; lastKnownFileType = text.xcconfig; name = "Pods-PokeFinder.release.xcconfig"; path = "Pods/Target Support Files/Pods-PokeFinder/Pods-PokeFinder.release.xcconfig"; sourceTree = "<group>"; };
		BD8D143E699E278C4AC78FB8 /* Pods_PokeFinder.framework */ = {isa = PBXFileReference; explicitFileType = wrapper.framework; includeInIndex = 0; path = Pods_PokeFinder.framework; sourceTree = BUILT_PRODUCTS_DIR; };
		DBAB4FADF78C065252934FAF /* Pods-PokeFinder.debug.xcconfig */ = {isa = PBXFileReference; includeInIndex = 1; lastKnownFileType = text.xcconfig; name = "Pods-PokeFinder.debug.xcconfig"; path = "Pods/Target Support Files/Pods-PokeFinder/Pods-PokeFinder.debug.xcconfig"; sourceTree = "<group>"; };
/* End PBXFileReference section */

/* Begin PBXFrameworksBuildPhase section */
		90DA81CE1DBC55D1006C931E /* Frameworks */ = {
			isa = PBXFrameworksBuildPhase;
			buildActionMask = 2147483647;
			files = (
				6A2D7D309B7E712C2ECB19D9 /* Pods_PokeFinder.framework in Frameworks */,
			);
			runOnlyForDeploymentPostprocessing = 0;
		};
/* End PBXFrameworksBuildPhase section */

/* Begin PBXGroup section */
		1A34AD80A40E47EB078B5329 /* Pods */ = {
			isa = PBXGroup;
			children = (
				DBAB4FADF78C065252934FAF /* Pods-PokeFinder.debug.xcconfig */,
				B1190E19BBD1DE3FC7DE6DDD /* Pods-PokeFinder.release.xcconfig */,
			);
			name = Pods;
			sourceTree = "<group>";
		};
		90DA81C81DBC55D1006C931E = {
			isa = PBXGroup;
			children = (
				90DA81D31DBC55D1006C931E /* PokeFinder */,
				90DA81D21DBC55D1006C931E /* Products */,
				1A34AD80A40E47EB078B5329 /* Pods */,
				F589D4813320F1403155A94E /* Frameworks */,
			);
			sourceTree = "<group>";
		};
		90DA81D21DBC55D1006C931E /* Products */ = {
			isa = PBXGroup;
			children = (
				90DA81D11DBC55D1006C931E /* PokeFinder.app */,
			);
			name = Products;
			sourceTree = "<group>";
		};
		90DA81D31DBC55D1006C931E /* PokeFinder */ = {
			isa = PBXGroup;
			children = (
				90DA82041DBC988B006C931E /* Model */,
				90DA82031DBC9884006C931E /* Controller */,
				90DA81E81DBC58BB006C931E /* GeoFire */,
				90DA81D41DBC55D1006C931E /* AppDelegate.swift */,
				90DA81D81DBC55D1006C931E /* Main.storyboard */,
				90DA81DB1DBC55D1006C931E /* Assets.xcassets */,
				90DA81DD1DBC55D1006C931E /* LaunchScreen.storyboard */,
				90DA81E61DBC561B006C931E /* GoogleService-Info.plist */,
				90DA81E01DBC55D1006C931E /* Info.plist */,
				90DA82021DBC59D2006C931E /* PokeFinder-Bridging-header.h */,
			);
			path = PokeFinder;
			sourceTree = "<group>";
		};
		90DA81E81DBC58BB006C931E /* GeoFire */ = {
			isa = PBXGroup;
			children = (
				90DA81E91DBC58BB006C931E /* API */,
				90DA81EE1DBC58BB006C931E /* GeoFire-Prefix.pch */,
				90DA81EF1DBC58BB006C931E /* Implementation */,
			);
			path = GeoFire;
			sourceTree = "<group>";
		};
		90DA81E91DBC58BB006C931E /* API */ = {
			isa = PBXGroup;
			children = (
				90DA81EA1DBC58BB006C931E /* GeoFire.h */,
				90DA81EB1DBC58BB006C931E /* GFCircleQuery.h */,
				90DA81EC1DBC58BB006C931E /* GFQuery.h */,
				90DA81ED1DBC58BB006C931E /* GFRegionQuery.h */,
			);
			path = API;
			sourceTree = "<group>";
		};
		90DA81EF1DBC58BB006C931E /* Implementation */ = {
			isa = PBXGroup;
			children = (
				90DA81F01DBC58BB006C931E /* GeoFire+Private.h */,
				90DA81F11DBC58BB006C931E /* GeoFire.m */,
				90DA81F21DBC58BB006C931E /* GFBase32Utils.h */,
				90DA81F31DBC58BB006C931E /* GFBase32Utils.m */,
				90DA81F41DBC58BB006C931E /* GFGeoHash.h */,
				90DA81F51DBC58BB006C931E /* GFGeoHash.m */,
				90DA81F61DBC58BB006C931E /* GFGeoHashQuery.h */,
				90DA81F71DBC58BB006C931E /* GFGeoHashQuery.m */,
				90DA81F81DBC58BB006C931E /* GFQuery+Private.h */,
				90DA81F91DBC58BB006C931E /* GFQuery.m */,
			);
			path = Implementation;
			sourceTree = "<group>";
		};
		90DA82031DBC9884006C931E /* Controller */ = {
			isa = PBXGroup;
			children = (
				90DA81D61DBC55D1006C931E /* ViewController.swift */,
			);
			name = Controller;
			sourceTree = "<group>";
		};
		90DA82041DBC988B006C931E /* Model */ = {
			isa = PBXGroup;
			children = (
				90DA82051DBC98DA006C931E /* PokeAnnotation.swift */,
			);
			name = Model;
			sourceTree = "<group>";
		};
		F589D4813320F1403155A94E /* Frameworks */ = {
			isa = PBXGroup;
			children = (
				BD8D143E699E278C4AC78FB8 /* Pods_PokeFinder.framework */,
			);
			name = Frameworks;
			sourceTree = "<group>";
		};
/* End PBXGroup section */

/* Begin PBXNativeTarget section */
		90DA81D01DBC55D1006C931E /* PokeFinder */ = {
			isa = PBXNativeTarget;
			buildConfigurationList = 90DA81E31DBC55D1006C931E /* Build configuration list for PBXNativeTarget "PokeFinder" */;
			buildPhases = (
				29B7B60641FC33A13D6C307D /* [CP] Check Pods Manifest.lock */,
				90DA81CD1DBC55D1006C931E /* Sources */,
				90DA81CE1DBC55D1006C931E /* Frameworks */,
				90DA81CF1DBC55D1006C931E /* Resources */,
				1A89138C3CE93676E5819E14 /* [CP] Embed Pods Frameworks */,
				FC64B889163B73F9F1D15EFA /* [CP] Copy Pods Resources */,
			);
			buildRules = (
			);
			dependencies = (
			);
			name = PokeFinder;
			productName = PokeFinder;
			productReference = 90DA81D11DBC55D1006C931E /* PokeFinder.app */;
			productType = "com.apple.product-type.application";
		};
/* End PBXNativeTarget section */

/* Begin PBXProject section */
		90DA81C91DBC55D1006C931E /* Project object */ = {
			isa = PBXProject;
			attributes = {
				LastSwiftUpdateCheck = 0800;
				LastUpgradeCheck = 0800;
				ORGANIZATIONNAME = "Shankar Prajapati";
				TargetAttributes = {
					90DA81D01DBC55D1006C931E = {
						CreatedOnToolsVersion = 8.0;
						DevelopmentTeam = 2R8XH6AA25;
						ProvisioningStyle = Automatic;
					};
				};
			};
			buildConfigurationList = 90DA81CC1DBC55D1006C931E /* Build configuration list for PBXProject "PokeFinder" */;
			compatibilityVersion = "Xcode 3.2";
			developmentRegion = English;
			hasScannedForEncodings = 0;
			knownRegions = (
				en,
				Base,
			);
			mainGroup = 90DA81C81DBC55D1006C931E;
			productRefGroup = 90DA81D21DBC55D1006C931E /* Products */;
			projectDirPath = "";
			projectRoot = "";
			targets = (
				90DA81D01DBC55D1006C931E /* PokeFinder */,
			);
		};
/* End PBXProject section */

/* Begin PBXResourcesBuildPhase section */
		90DA81CF1DBC55D1006C931E /* Resources */ = {
			isa = PBXResourcesBuildPhase;
			buildActionMask = 2147483647;
			files = (
				90DA81DF1DBC55D1006C931E /* LaunchScreen.storyboard in Resources */,
				90DA81E71DBC561B006C931E /* GoogleService-Info.plist in Resources */,
				90DA81DC1DBC55D1006C931E /* Assets.xcassets in Resources */,
				90DA81DA1DBC55D1006C931E /* Main.storyboard in Resources */,
			);
			runOnlyForDeploymentPostprocessing = 0;
		};
/* End PBXResourcesBuildPhase section */

/* Begin PBXShellScriptBuildPhase section */
		1A89138C3CE93676E5819E14 /* [CP] Embed Pods Frameworks */ = {
			isa = PBXShellScriptBuildPhase;
			buildActionMask = 2147483647;
			files = (
			);
			inputPaths = (
			);
			name = "[CP] Embed Pods Frameworks";
			outputPaths = (
			);
			runOnlyForDeploymentPostprocessing = 0;
			shellPath = /bin/sh;
			shellScript = "\"${SRCROOT}/Pods/Target Support Files/Pods-PokeFinder/Pods-PokeFinder-frameworks.sh\"\n";
			showEnvVarsInLog = 0;
		};
		29B7B60641FC33A13D6C307D /* [CP] Check Pods Manifest.lock */ = {
			isa = PBXShellScriptBuildPhase;
			buildActionMask = 2147483647;
			files = (
			);
			inputPaths = (
			);
			name = "[CP] Check Pods Manifest.lock";
			outputPaths = (
			);
			runOnlyForDeploymentPostprocessing = 0;
			shellPath = /bin/sh;
			shellScript = "diff \"${PODS_ROOT}/../Podfile.lock\" \"${PODS_ROOT}/Manifest.lock\" > /dev/null\nif [[ $? != 0 ]] ; then\n    cat << EOM\nerror: The sandbox is not in sync with the Podfile.lock. Run 'pod install' or update your CocoaPods installation.\nEOM\n    exit 1\nfi\n";
			showEnvVarsInLog = 0;
		};
		FC64B889163B73F9F1D15EFA /* [CP] Copy Pods Resources */ = {
			isa = PBXShellScriptBuildPhase;
			buildActionMask = 2147483647;
			files = (
			);
			inputPaths = (
			);
			name = "[CP] Copy Pods Resources";
			outputPaths = (
			);
			runOnlyForDeploymentPostprocessing = 0;
			shellPath = /bin/sh;
			shellScript = "\"${SRCROOT}/Pods/Target Support Files/Pods-PokeFinder/Pods-PokeFinder-resources.sh\"\n";
			showEnvVarsInLog = 0;
		};
/* End PBXShellScriptBuildPhase section */

/* Begin PBXSourcesBuildPhase section */
		90DA81CD1DBC55D1006C931E /* Sources */ = {
			isa = PBXSourcesBuildPhase;
			buildActionMask = 2147483647;
			files = (
				90DA81FB1DBC58BB006C931E /* GFBase32Utils.m in Sources */,
				90DA82061DBC98DA006C931E /* PokeAnnotation.swift in Sources */,
				90DA81D71DBC55D1006C931E /* ViewController.swift in Sources */,
				90DA81FC1DBC58BB006C931E /* GFGeoHash.m in Sources */,
				90DA81D51DBC55D1006C931E /* AppDelegate.swift in Sources */,
				90DA81FA1DBC58BB006C931E /* GeoFire.m in Sources */,
				90DA81FD1DBC58BB006C931E /* GFGeoHashQuery.m in Sources */,
				90DA81FE1DBC58BB006C931E /* GFQuery.m in Sources */,
			);
			runOnlyForDeploymentPostprocessing = 0;
		};
/* End PBXSourcesBuildPhase section */

/* Begin PBXVariantGroup section */
		90DA81D81DBC55D1006C931E /* Main.storyboard */ = {
			isa = PBXVariantGroup;
			children = (
				90DA81D91DBC55D1006C931E /* Base */,
			);
			name = Main.storyboard;
			sourceTree = "<group>";
		};
		90DA81DD1DBC55D1006C931E /* LaunchScreen.storyboard */ = {
			isa = PBXVariantGroup;
			children = (
				90DA81DE1DBC55D1006C931E /* Base */,
			);
			name = LaunchScreen.storyboard;
			sourceTree = "<group>";
		};
/* End PBXVariantGroup section */

/* Begin XCBuildConfiguration section */
		90DA81E11DBC55D1006C931E /* Debug */ = {
			isa = XCBuildConfiguration;
			buildSettings = {
				ALWAYS_SEARCH_USER_PATHS = NO;
				CLANG_ANALYZER_NONNULL = YES;
				CLANG_CXX_LANGUAGE_STANDARD = "gnu++0x";
				CLANG_CXX_LIBRARY = "libc++";
				CLANG_ENABLE_MODULES = YES;
				CLANG_ENABLE_OBJC_ARC = YES;
				CLANG_WARN_BOOL_CONVERSION = YES;
				CLANG_WARN_CONSTANT_CONVERSION = YES;
				CLANG_WARN_DIRECT_OBJC_ISA_USAGE = YES_ERROR;
				CLANG_WARN_DOCUMENTATION_COMMENTS = YES;
				CLANG_WARN_EMPTY_BODY = YES;
				CLANG_WARN_ENUM_CONVERSION = YES;
				CLANG_WARN_INFINITE_RECURSION = YES;
				CLANG_WARN_INT_CONVERSION = YES;
				CLANG_WARN_OBJC_ROOT_CLASS = YES_ERROR;
				CLANG_WARN_SUSPICIOUS_MOVES = YES;
				CLANG_WARN_UNREACHABLE_CODE = YES;
				CLANG_WARN__DUPLICATE_METHOD_MATCH = YES;
				"CODE_SIGN_IDENTITY[sdk=iphoneos*]" = "iPhone Developer";
				COPY_PHASE_STRIP = NO;
				DEBUG_INFORMATION_FORMAT = dwarf;
				ENABLE_STRICT_OBJC_MSGSEND = YES;
				ENABLE_TESTABILITY = YES;
				GCC_C_LANGUAGE_STANDARD = gnu99;
				GCC_DYNAMIC_NO_PIC = NO;
				GCC_NO_COMMON_BLOCKS = YES;
				GCC_OPTIMIZATION_LEVEL = 0;
				GCC_PREPROCESSOR_DEFINITIONS = (
					"DEBUG=1",
					"$(inherited)",
				);
				GCC_WARN_64_TO_32_BIT_CONVERSION = YES;
				GCC_WARN_ABOUT_RETURN_TYPE = YES_ERROR;
				GCC_WARN_UNDECLARED_SELECTOR = YES;
				GCC_WARN_UNINITIALIZED_AUTOS = YES_AGGRESSIVE;
				GCC_WARN_UNUSED_FUNCTION = YES;
				GCC_WARN_UNUSED_VARIABLE = YES;
				IPHONEOS_DEPLOYMENT_TARGET = 10.0;
				MTL_ENABLE_DEBUG_INFO = YES;
				ONLY_ACTIVE_ARCH = YES;
				SDKROOT = iphoneos;
				SWIFT_ACTIVE_COMPILATION_CONDITIONS = DEBUG;
				SWIFT_OPTIMIZATION_LEVEL = "-Onone";
			};
			name = Debug;
		};
		90DA81E21DBC55D1006C931E /* Release */ = {
			isa = XCBuildConfiguration;
			buildSettings = {
				ALWAYS_SEARCH_USER_PATHS = NO;
				CLANG_ANALYZER_NONNULL = YES;
				CLANG_CXX_LANGUAGE_STANDARD = "gnu++0x";
				CLANG_CXX_LIBRARY = "libc++";
				CLANG_ENABLE_MODULES = YES;
				CLANG_ENABLE_OBJC_ARC = YES;
				CLANG_WARN_BOOL_CONVERSION = YES;
				CLANG_WARN_CONSTANT_CONVERSION = YES;
				CLANG_WARN_DIRECT_OBJC_ISA_USAGE = YES_ERROR;
				CLANG_WARN_DOCUMENTATION_COMMENTS = YES;
				CLANG_WARN_EMPTY_BODY = YES;
				CLANG_WARN_ENUM_CONVERSION = YES;
				CLANG_WARN_INFINITE_RECURSION = YES;
				CLANG_WARN_INT_CONVERSION = YES;
				CLANG_WARN_OBJC_ROOT_CLASS = YES_ERROR;
				CLANG_WARN_SUSPICIOUS_MOVES = YES;
				CLANG_WARN_UNREACHABLE_CODE = YES;
				CLANG_WARN__DUPLICATE_METHOD_MATCH = YES;
				"CODE_SIGN_IDENTITY[sdk=iphoneos*]" = "iPhone Developer";
				COPY_PHASE_STRIP = NO;
				DEBUG_INFORMATION_FORMAT = "dwarf-with-dsym";
				ENABLE_NS_ASSERTIONS = NO;
				ENABLE_STRICT_OBJC_MSGSEND = YES;
				GCC_C_LANGUAGE_STANDARD = gnu99;
				GCC_NO_COMMON_BLOCKS = YES;
				GCC_WARN_64_TO_32_BIT_CONVERSION = YES;
				GCC_WARN_ABOUT_RETURN_TYPE = YES_ERROR;
				GCC_WARN_UNDECLARED_SELECTOR = YES;
				GCC_WARN_UNINITIALIZED_AUTOS = YES_AGGRESSIVE;
				GCC_WARN_UNUSED_FUNCTION = YES;
				GCC_WARN_UNUSED_VARIABLE = YES;
				IPHONEOS_DEPLOYMENT_TARGET = 10.0;
				MTL_ENABLE_DEBUG_INFO = NO;
				SDKROOT = iphoneos;
				SWIFT_OPTIMIZATION_LEVEL = "-Owholemodule";
				VALIDATE_PRODUCT = YES;
			};
			name = Release;
		};
		90DA81E41DBC55D1006C931E /* Debug */ = {
			isa = XCBuildConfiguration;
			baseConfigurationReference = DBAB4FADF78C065252934FAF /* Pods-PokeFinder.debug.xcconfig */;
			buildSettings = {
				ASSETCATALOG_COMPILER_APPICON_NAME = AppIcon;
				DEVELOPMENT_TEAM = 2R8XH6AA25;
				INFOPLIST_FILE = PokeFinder/Info.plist;
				LD_RUNPATH_SEARCH_PATHS = "$(inherited) @executable_path/Frameworks";
				PRODUCT_BUNDLE_IDENTIFIER = shankar.shankypankyhanky.PokeFinder;
				PRODUCT_NAME = "$(TARGET_NAME)";
				SWIFT_OBJC_BRIDGING_HEADER = "PokeFinder/PokeFinder-Bridging-header.h";
				SWIFT_VERSION = 3.0;
			};
			name = Debug;
		};
		90DA81E51DBC55D1006C931E /* Release */ = {
			isa = XCBuildConfiguration;
			baseConfigurationReference = B1190E19BBD1DE3FC7DE6DDD /* Pods-PokeFinder.release.xcconfig */;
			buildSettings = {
				ASSETCATALOG_COMPILER_APPICON_NAME = AppIcon;
				DEVELOPMENT_TEAM = 2R8XH6AA25;
				INFOPLIST_FILE = PokeFinder/Info.plist;
				LD_RUNPATH_SEARCH_PATHS = "$(inherited) @executable_path/Frameworks";
				PRODUCT_BUNDLE_IDENTIFIER = shankar.shankypankyhanky.PokeFinder;
				PRODUCT_NAME = "$(TARGET_NAME)";
				SWIFT_OBJC_BRIDGING_HEADER = "PokeFinder/PokeFinder-Bridging-header.h";
				SWIFT_VERSION = 3.0;
			};
			name = Release;
		};
/* End XCBuildConfiguration section */

/* Begin XCConfigurationList section */
		90DA81CC1DBC55D1006C931E /* Build configuration list for PBXProject "PokeFinder" */ = {
			isa = XCConfigurationList;
			buildConfigurations = (
				90DA81E11DBC55D1006C931E /* Debug */,
				90DA81E21DBC55D1006C931E /* Release */,
			);
			defaultConfigurationIsVisible = 0;
			defaultConfigurationName = Release;
		};
		90DA81E31DBC55D1006C931E /* Build configuration list for PBXNativeTarget "PokeFinder" */ = {
			isa = XCConfigurationList;
			buildConfigurations = (
				90DA81E41DBC55D1006C931E /* Debug */,
				90DA81E51DBC55D1006C931E /* Release */,
			);
			defaultConfigurationIsVisible = 0;
			defaultConfigurationName = Release;
		};
/* End XCConfigurationList section */
	};
	rootObject = 90DA81C91DBC55D1006C931E /* Project object */;
}
